
Microsoft Visual Studio Solution File, Format Version 12.00
# Visual Studio Version 17
VisualStudioVersion = 17.4.33213.308
MinimumVisualStudioVersion = 10.0.40219.1
Project("{2150E333-8FDC-42A3-9474-1A3956D46DE8}") = "Assets", "Assets", "{A00DCE90-84B7-4F9C-8431-850600A737FD}"
	ProjectSection(SolutionItems) = preProject
		Assets\Shaders\DoNothing.fx = Assets\Shaders\DoNothing.fx
		Assets\Shaders\DoSomething.fx = Assets\Shaders\DoSomething.fx
		Assets\Shaders\DoTexturing.fx = Assets\Shaders\DoTexturing.fx
		Assets\Shaders\DoTransform.fx = Assets\Shaders\DoTransform.fx
	EndProjectSection
EndProject
Project("{2150E333-8FDC-42A3-9474-1A3956D46DE8}") = "Engine", "Engine", "{D83FB1B6-3035-4BAA-B368-60680853F330}"
EndProject
Project("{2150E333-8FDC-42A3-9474-1A3956D46DE8}") = "External", "External", "{F277303F-62A6-4EC3-A9EA-273E589B6DBF}"
EndProject
Project("{2150E333-8FDC-42A3-9474-1A3956D46DE8}") = "Framework", "Framework", "{61948FAA-D072-475A-84DF-2829D3273F60}"
EndProject
Project("{2150E333-8FDC-42A3-9474-1A3956D46DE8}") = "VGP242", "VGP242", "{6FBEC151-C0C2-4F20-A207-E03EF28FF495}"
EndProject
Project("{8BC9CEB8-8B4A-11D0-8D11-00A0C91BC942}") = "Core", "Framework\Core\Core.vcxproj", "{D24DDC53-9A5D-41B6-BDE0-3657E0762058}"
EndProject
Project("{8BC9CEB8-8B4A-11D0-8D11-00A0C91BC942}") = "Input", "Framework\Input\Input.vcxproj", "{3629F01A-6FED-42EB-B308-E9F7F1346EAF}"
EndProject
Project("{8BC9CEB8-8B4A-11D0-8D11-00A0C91BC942}") = "Math", "Framework\Math\Math.vcxproj", "{4E8C6125-F681-4735-B2D4-EB5CEBA61B57}"
EndProject
Project("{8BC9CEB8-8B4A-11D0-8D11-00A0C91BC942}") = "Graphics", "Framework\Graphics\Graphics.vcxproj", "{DC3CC62C-99A6-4D8C-A3A4-4CEB2AC72854}"
EndProject
Project("{8BC9CEB8-8B4A-11D0-8D11-00A0C91BC942}") = "NEngine", "Engine\NEngine.vcxproj", "{1B572444-1CD1-4089-89AE-10C1CEB8F3FB}"
EndProject
Project("{2150E333-8FDC-42A3-9474-1A3956D46DE8}") = "Shader", "Shader", "{8ED6EEBB-FA48-4187-914B-3B482C99A2D5}"
	ProjectSection(SolutionItems) = preProject
		Assets\Shaders\DoNothing.fx = Assets\Shaders\DoNothing.fx
		Assets\Shaders\DoSomething.fx = Assets\Shaders\DoSomething.fx
		Assets\Shaders\DoTexturing.fx = Assets\Shaders\DoTexturing.fx
		Assets\Shaders\DoTransform.fx = Assets\Shaders\DoTransform.fx
		Assets\Shaders\GaussianBlur.fx = Assets\Shaders\GaussianBlur.fx
		Assets\Shaders\PostProcess.fx = Assets\Shaders\PostProcess.fx
		Assets\Shaders\Shadows.fx = Assets\Shaders\Shadows.fx
		Assets\Shaders\Standard.fx = Assets\Shaders\Standard.fx
	EndProjectSection
EndProject
Project("{2150E333-8FDC-42A3-9474-1A3956D46DE8}") = "Texture", "Texture", "{502BAE57-92C2-4288-B9FF-5FA9BA2F9BF8}"
EndProject
Project("{8BC9CEB8-8B4A-11D0-8D11-00A0C91BC942}") = "DirectXTK_Desktop_2019", "External\DirectXTK\DirectXTK_Desktop_2019.vcxproj", "{E0B52AE7-E160-4D32-BF3F-910B785E5A8E}"
EndProject
Project("{8BC9CEB8-8B4A-11D0-8D11-00A0C91BC942}") = "ImGui", "External\ImGui\ImGui.vcxproj", "{52D656A2-A2F4-4C54-A3C7-653427BED1E8}"
EndProject
Project("{2150E333-8FDC-42A3-9474-1A3956D46DE8}") = "VGP330", "VGP330", "{AFC3A0DB-9C9F-495D-B893-D057271AF197}"
EndProject
Project("{2150E333-8FDC-42A3-9474-1A3956D46DE8}") = "Tools", "Tools", "{50B8CF01-9A67-4267-ABFF-E911816DFE46}"
EndProject
Project("{8BC9CEB8-8B4A-11D0-8D11-00A0C91BC942}") = "ModelImporter", "Tools\ModelImporter\ModelImporter.vcxproj", "{06D45AE0-C71F-4D2A-B9BC-942CE873B3AC}"
EndProject
Project("{8BC9CEB8-8B4A-11D0-8D11-00A0C91BC942}") = "12_HelloGaussianBlur", "VGP330\12_HelloGaussianBlur\12_HelloGaussianBlur.vcxproj", "{C5CC492D-62F7-4F46-AE60-966FD0EABFBD}"
EndProject
Project("{2150E333-8FDC-42A3-9474-1A3956D46DE8}") = "VGP334", "VGP334", "{7BBF726C-6ECB-47EB-82D1-0C7D42D8F127}"
EndProject
Project("{8BC9CEB8-8B4A-11D0-8D11-00A0C91BC942}") = "15_HelloAnimation", "VGP334\15_HelloAnimation\15_HelloAnimation.vcxproj", "{3E213C04-866A-4813-9105-49CD4E20CB55}"
EndProject
Project("{8BC9CEB8-8B4A-11D0-8D11-00A0C91BC942}") = "16_HelloSkeleton", "VGP334\16_HelloSkeleton\16_HelloSkeleton.vcxproj", "{A2D7F209-0953-4B32-86F4-F05B8281F0F8}"
EndProject
Project("{8BC9CEB8-8B4A-11D0-8D11-00A0C91BC942}") = "17_HelloSkeletonAnimation", "VGP334\17_HelloSkeletonAnimation\17_HelloSkeletonAnimation.vcxproj", "{5BC2CC8F-5F90-4941-AF76-1AC74059E954}"
EndProject
Global
	GlobalSection(SolutionConfigurationPlatforms) = preSolution
		Debug|x64 = Debug|x64
		Debug|x86 = Debug|x86
		Release|x64 = Release|x64
		Release|x86 = Release|x86
	EndGlobalSection
	GlobalSection(ProjectConfigurationPlatforms) = postSolution
		{D24DDC53-9A5D-41B6-BDE0-3657E0762058}.Debug|x64.ActiveCfg = Debug|x64
		{D24DDC53-9A5D-41B6-BDE0-3657E0762058}.Debug|x64.Build.0 = Debug|x64
		{D24DDC53-9A5D-41B6-BDE0-3657E0762058}.Debug|x86.ActiveCfg = Debug|Win32
		{D24DDC53-9A5D-41B6-BDE0-3657E0762058}.Debug|x86.Build.0 = Debug|Win32
		{D24DDC53-9A5D-41B6-BDE0-3657E0762058}.Release|x64.ActiveCfg = Release|x64
		{D24DDC53-9A5D-41B6-BDE0-3657E0762058}.Release|x64.Build.0 = Release|x64
		{D24DDC53-9A5D-41B6-BDE0-3657E0762058}.Release|x86.ActiveCfg = Release|Win32
		{D24DDC53-9A5D-41B6-BDE0-3657E0762058}.Release|x86.Build.0 = Release|Win32
		{3629F01A-6FED-42EB-B308-E9F7F1346EAF}.Debug|x64.ActiveCfg = Debug|x64
		{3629F01A-6FED-42EB-B308-E9F7F1346EAF}.Debug|x64.Build.0 = Debug|x64
		{3629F01A-6FED-42EB-B308-E9F7F1346EAF}.Debug|x86.ActiveCfg = Debug|Win32
		{3629F01A-6FED-42EB-B308-E9F7F1346EAF}.Debug|x86.Build.0 = Debug|Win32
		{3629F01A-6FED-42EB-B308-E9F7F1346EAF}.Release|x64.ActiveCfg = Release|x64
		{3629F01A-6FED-42EB-B308-E9F7F1346EAF}.Release|x64.Build.0 = Release|x64
		{3629F01A-6FED-42EB-B308-E9F7F1346EAF}.Release|x86.ActiveCfg = Release|Win32
		{3629F01A-6FED-42EB-B308-E9F7F1346EAF}.Release|x86.Build.0 = Release|Win32
		{4E8C6125-F681-4735-B2D4-EB5CEBA61B57}.Debug|x64.ActiveCfg = Debug|x64
		{4E8C6125-F681-4735-B2D4-EB5CEBA61B57}.Debug|x64.Build.0 = Debug|x64
		{4E8C6125-F681-4735-B2D4-EB5CEBA61B57}.Debug|x86.ActiveCfg = Debug|Win32
		{4E8C6125-F681-4735-B2D4-EB5CEBA61B57}.Debug|x86.Build.0 = Debug|Win32
		{4E8C6125-F681-4735-B2D4-EB5CEBA61B57}.Release|x64.ActiveCfg = Release|x64
		{4E8C6125-F681-4735-B2D4-EB5CEBA61B57}.Release|x64.Build.0 = Release|x64
		{4E8C6125-F681-4735-B2D4-EB5CEBA61B57}.Release|x86.ActiveCfg = Release|Win32
		{4E8C6125-F681-4735-B2D4-EB5CEBA61B57}.Release|x86.Build.0 = Release|Win32
		{DC3CC62C-99A6-4D8C-A3A4-4CEB2AC72854}.Debug|x64.ActiveCfg = Debug|x64
		{DC3CC62C-99A6-4D8C-A3A4-4CEB2AC72854}.Debug|x64.Build.0 = Debug|x64
		{DC3CC62C-99A6-4D8C-A3A4-4CEB2AC72854}.Debug|x86.ActiveCfg = Debug|Win32
		{DC3CC62C-99A6-4D8C-A3A4-4CEB2AC72854}.Debug|x86.Build.0 = Debug|Win32
		{DC3CC62C-99A6-4D8C-A3A4-4CEB2AC72854}.Release|x64.ActiveCfg = Release|x64
		{DC3CC62C-99A6-4D8C-A3A4-4CEB2AC72854}.Release|x64.Build.0 = Release|x64
		{DC3CC62C-99A6-4D8C-A3A4-4CEB2AC72854}.Release|x86.ActiveCfg = Release|Win32
		{DC3CC62C-99A6-4D8C-A3A4-4CEB2AC72854}.Release|x86.Build.0 = Release|Win32
		{1B572444-1CD1-4089-89AE-10C1CEB8F3FB}.Debug|x64.ActiveCfg = Debug|x64
		{1B572444-1CD1-4089-89AE-10C1CEB8F3FB}.Debug|x64.Build.0 = Debug|x64
		{1B572444-1CD1-4089-89AE-10C1CEB8F3FB}.Debug|x86.ActiveCfg = Debug|Win32
		{1B572444-1CD1-4089-89AE-10C1CEB8F3FB}.Debug|x86.Build.0 = Debug|Win32
		{1B572444-1CD1-4089-89AE-10C1CEB8F3FB}.Release|x64.ActiveCfg = Release|x64
		{1B572444-1CD1-4089-89AE-10C1CEB8F3FB}.Release|x64.Build.0 = Release|x64
		{1B572444-1CD1-4089-89AE-10C1CEB8F3FB}.Release|x86.ActiveCfg = Release|Win32
		{1B572444-1CD1-4089-89AE-10C1CEB8F3FB}.Release|x86.Build.0 = Release|Win32
		{E0B52AE7-E160-4D32-BF3F-910B785E5A8E}.Debug|x64.ActiveCfg = Debug|x64
		{E0B52AE7-E160-4D32-BF3F-910B785E5A8E}.Debug|x64.Build.0 = Debug|x64
		{E0B52AE7-E160-4D32-BF3F-910B785E5A8E}.Debug|x86.ActiveCfg = Debug|Win32
		{E0B52AE7-E160-4D32-BF3F-910B785E5A8E}.Debug|x86.Build.0 = Debug|Win32
		{E0B52AE7-E160-4D32-BF3F-910B785E5A8E}.Release|x64.ActiveCfg = Release|x64
		{E0B52AE7-E160-4D32-BF3F-910B785E5A8E}.Release|x64.Build.0 = Release|x64
		{E0B52AE7-E160-4D32-BF3F-910B785E5A8E}.Release|x86.ActiveCfg = Release|Win32
		{E0B52AE7-E160-4D32-BF3F-910B785E5A8E}.Release|x86.Build.0 = Release|Win32
		{52D656A2-A2F4-4C54-A3C7-653427BED1E8}.Debug|x64.ActiveCfg = Debug|x64
		{52D656A2-A2F4-4C54-A3C7-653427BED1E8}.Debug|x64.Build.0 = Debug|x64
		{52D656A2-A2F4-4C54-A3C7-653427BED1E8}.Debug|x86.ActiveCfg = Debug|Win32
		{52D656A2-A2F4-4C54-A3C7-653427BED1E8}.Debug|x86.Build.0 = Debug|Win32
		{52D656A2-A2F4-4C54-A3C7-653427BED1E8}.Release|x64.ActiveCfg = Release|x64
		{52D656A2-A2F4-4C54-A3C7-653427BED1E8}.Release|x64.Build.0 = Release|x64
		{52D656A2-A2F4-4C54-A3C7-653427BED1E8}.Release|x86.ActiveCfg = Release|Win32
		{52D656A2-A2F4-4C54-A3C7-653427BED1E8}.Release|x86.Build.0 = Release|Win32
		{06D45AE0-C71F-4D2A-B9BC-942CE873B3AC}.Debug|x64.ActiveCfg = Debug|x64
		{06D45AE0-C71F-4D2A-B9BC-942CE873B3AC}.Debug|x64.Build.0 = Debug|x64
		{06D45AE0-C71F-4D2A-B9BC-942CE873B3AC}.Debug|x86.ActiveCfg = Debug|Win32
		{06D45AE0-C71F-4D2A-B9BC-942CE873B3AC}.Debug|x86.Build.0 = Debug|Win32
		{06D45AE0-C71F-4D2A-B9BC-942CE873B3AC}.Release|x64.ActiveCfg = Release|x64
		{06D45AE0-C71F-4D2A-B9BC-942CE873B3AC}.Release|x64.Build.0 = Release|x64
		{06D45AE0-C71F-4D2A-B9BC-942CE873B3AC}.Release|x86.ActiveCfg = Release|Win32
		{06D45AE0-C71F-4D2A-B9BC-942CE873B3AC}.Release|x86.Build.0 = Release|Win32
		{C5CC492D-62F7-4F46-AE60-966FD0EABFBD}.Debug|x64.ActiveCfg = Debug|x64
		{C5CC492D-62F7-4F46-AE60-966FD0EABFBD}.Debug|x64.Build.0 = Debug|x64
		{C5CC492D-62F7-4F46-AE60-966FD0EABFBD}.Debug|x86.ActiveCfg = Debug|Win32
		{C5CC492D-62F7-4F46-AE60-966FD0EABFBD}.Debug|x86.Build.0 = Debug|Win32
		{C5CC492D-62F7-4F46-AE60-966FD0EABFBD}.Release|x64.ActiveCfg = Release|x64
		{C5CC492D-62F7-4F46-AE60-966FD0EABFBD}.Release|x64.Build.0 = Release|x64
		{C5CC492D-62F7-4F46-AE60-966FD0EABFBD}.Release|x86.ActiveCfg = Release|Win32
		{C5CC492D-62F7-4F46-AE60-966FD0EABFBD}.Release|x86.Build.0 = Release|Win32
		{3E213C04-866A-4813-9105-49CD4E20CB55}.Debug|x64.ActiveCfg = Debug|x64
		{3E213C04-866A-4813-9105-49CD4E20CB55}.Debug|x64.Build.0 = Debug|x64
		{3E213C04-866A-4813-9105-49CD4E20CB55}.Debug|x86.ActiveCfg = Debug|Win32
		{3E213C04-866A-4813-9105-49CD4E20CB55}.Debug|x86.Build.0 = Debug|Win32
		{3E213C04-866A-4813-9105-49CD4E20CB55}.Release|x64.ActiveCfg = Release|x64
		{3E213C04-866A-4813-9105-49CD4E20CB55}.Release|x64.Build.0 = Release|x64
		{3E213C04-866A-4813-9105-49CD4E20CB55}.Release|x86.ActiveCfg = Release|Win32
		{3E213C04-866A-4813-9105-49CD4E20CB55}.Release|x86.Build.0 = Release|Win32
		{A2D7F209-0953-4B32-86F4-F05B8281F0F8}.Debug|x64.ActiveCfg = Debug|x64
		{A2D7F209-0953-4B32-86F4-F05B8281F0F8}.Debug|x64.Build.0 = Debug|x64
		{A2D7F209-0953-4B32-86F4-F05B8281F0F8}.Debug|x86.ActiveCfg = Debug|Win32
		{A2D7F209-0953-4B32-86F4-F05B8281F0F8}.Debug|x86.Build.0 = Debug|Win32
		{A2D7F209-0953-4B32-86F4-F05B8281F0F8}.Release|x64.ActiveCfg = Release|x64
		{A2D7F209-0953-4B32-86F4-F05B8281F0F8}.Release|x64.Build.0 = Release|x64
		{A2D7F209-0953-4B32-86F4-F05B8281F0F8}.Release|x86.ActiveCfg = Release|Win32
		{A2D7F209-0953-4B32-86F4-F05B8281F0F8}.Release|x86.Build.0 = Release|Win32
		{5BC2CC8F-5F90-4941-AF76-1AC74059E954}.Debug|x64.ActiveCfg = Debug|x64
		{5BC2CC8F-5F90-4941-AF76-1AC74059E954}.Debug|x64.Build.0 = Debug|x64
		{5BC2CC8F-5F90-4941-AF76-1AC74059E954}.Debug|x86.ActiveCfg = Debug|Win32
		{5BC2CC8F-5F90-4941-AF76-1AC74059E954}.Debug|x86.Build.0 = Debug|Win32
		{5BC2CC8F-5F90-4941-AF76-1AC74059E954}.Release|x64.ActiveCfg = Release|x64
		{5BC2CC8F-5F90-4941-AF76-1AC74059E954}.Release|x64.Build.0 = Release|x64
		{5BC2CC8F-5F90-4941-AF76-1AC74059E954}.Release|x86.ActiveCfg = Release|Win32
		{5BC2CC8F-5F90-4941-AF76-1AC74059E954}.Release|x86.Build.0 = Release|Win32
	EndGlobalSection
	GlobalSection(SolutionProperties) = preSolution
		HideSolutionNode = FALSE
	EndGlobalSection
	GlobalSection(NestedProjects) = preSolution
		{D24DDC53-9A5D-41B6-BDE0-3657E0762058} = {61948FAA-D072-475A-84DF-2829D3273F60}
		{3629F01A-6FED-42EB-B308-E9F7F1346EAF} = {61948FAA-D072-475A-84DF-2829D3273F60}
		{4E8C6125-F681-4735-B2D4-EB5CEBA61B57} = {61948FAA-D072-475A-84DF-2829D3273F60}
		{DC3CC62C-99A6-4D8C-A3A4-4CEB2AC72854} = {61948FAA-D072-475A-84DF-2829D3273F60}
		{1B572444-1CD1-4089-89AE-10C1CEB8F3FB} = {D83FB1B6-3035-4BAA-B368-60680853F330}
		{8ED6EEBB-FA48-4187-914B-3B482C99A2D5} = {A00DCE90-84B7-4F9C-8431-850600A737FD}
		{502BAE57-92C2-4288-B9FF-5FA9BA2F9BF8} = {A00DCE90-84B7-4F9C-8431-850600A737FD}
		{E0B52AE7-E160-4D32-BF3F-910B785E5A8E} = {F277303F-62A6-4EC3-A9EA-273E589B6DBF}
		{52D656A2-A2F4-4C54-A3C7-653427BED1E8} = {F277303F-62A6-4EC3-A9EA-273E589B6DBF}
		{06D45AE0-C71F-4D2A-B9BC-942CE873B3AC} = {50B8CF01-9A67-4267-ABFF-E911816DFE46}
		{C5CC492D-62F7-4F46-AE60-966FD0EABFBD} = {AFC3A0DB-9C9F-495D-B893-D057271AF197}
		{3E213C04-866A-4813-9105-49CD4E20CB55} = {7BBF726C-6ECB-47EB-82D1-0C7D42D8F127}
		{A2D7F209-0953-4B32-86F4-F05B8281F0F8} = {7BBF726C-6ECB-47EB-82D1-0C7D42D8F127}
		{5BC2CC8F-5F90-4941-AF76-1AC74059E954} = {7BBF726C-6ECB-47EB-82D1-0C7D42D8F127}
	EndGlobalSection
	GlobalSection(ExtensibilityGlobals) = postSolution
		SolutionGuid = {010E0B6F-B2FD-4AD9-A2B3-9FF364F73B7A}
	EndGlobalSection
EndGlobal
