<?xml version="1.0" encoding="utf-8"?>
<Project ToolsVersion="4.0" xmlns="http://schemas.microsoft.com/developer/msbuild/2003">
  <ItemGroup>
    <Filter Include="Inc">
      <UniqueIdentifier>{f6af4825-825d-40f5-a657-7559b273492d}</UniqueIdentifier>
    </Filter>
    <Filter Include="Src">
      <UniqueIdentifier>{4930b067-7955-4f5a-b552-12a411df684c}</UniqueIdentifier>
    </Filter>
  </ItemGroup>
  <ItemGroup>
    <ClInclude Include="Inc\Common.h">
      <Filter>Inc</Filter>
    </ClInclude>
    <ClInclude Include="Inc\NEngine.h">
      <Filter>Inc</Filter>
    </ClInclude>
    <ClInclude Include="Src\Precompiled.h">
      <Filter>Src</Filter>
    </ClInclude>
    <ClInclude Include="Inc\App.h">
      <Filter>Inc</Filter>
    </ClInclude>
    <ClInclude Include="Inc\AppState.h">
      <Filter>Inc</Filter>
    </ClInclude>
    <ClInclude Include="Inc\GameObject.h" />
    <ClInclude Include="Inc\Component.h" />
    <ClInclude Include="Inc\Components\Transform.h" />
    <ClInclude Include="Inc\TypeIds.h" />
    <ClInclude Include="Inc\GameObjectFactory.h" />
    <ClInclude Include="Inc\Services\Service.h" />
    <ClInclude Include="Inc\Services\CameraService.h" />
    <ClInclude Include="Inc\Components\CameraComponent.h" />
    <ClInclude Include="Inc\GameWorld.h" />
    <ClInclude Include="Inc\GameEngineHandle.h" />
  </ItemGroup>
  <ItemGroup>
    <ClCompile Include="Src\Precompiled.cpp">
      <Filter>Src</Filter>
    </ClCompile>
    <ClCompile Include="Src\App.cpp">
      <Filter>Src</Filter>
    </ClCompile>
    <ClCompile Include="Src\NEngine.cpp">
      <Filter>Src</Filter>
    </ClCompile>
    <ClCompile Include="Src\GameObject.cpp" />
    <ClCompile Include="Src\Components\Transform.cpp" />
    <ClCompile Include="Src\GameObjectFactory.cpp" />
    <ClCompile Include="Src\Services\CameraService.cpp" />
    <ClCompile Include="Src\Components\CameraComponent.cpp" />
    <ClCompile Include="Src\GameWorld.cpp" />
  </ItemGroup>
</Project>